
Microsoft Visual Studio Solution File, Format Version 12.00
# Visual Studio 15
VisualStudioVersion = 15.0.28307.136
MinimumVisualStudioVersion = 10.0.40219.1
Project("{FAE04EC0-301F-11D3-BF4B-00C04F79EFBC}") = "SDK.Builder", "SDK.Builder\SDK.Builder.csproj", "{A143EF5E-6B31-4F76-806B-733722969D98}"
EndProject
Project("{9A19103F-16F7-4668-BE54-9A1E7A4F7556}") = "Phantasma.Core", "..\..\PhantasmaChain\Phantasma.Core\Phantasma.Core.csproj", "{CC44E2FB-304B-4E86-85D1-563EC6210FC9}"
EndProject
Project("{9A19103F-16F7-4668-BE54-9A1E7A4F7556}") = "Phantasma.API", "..\..\PhantasmaChain\Phantasma.API\Phantasma.API.csproj", "{138FA60F-B19E-492C-A002-7BA66078937F}"
EndProject
Project("{9A19103F-16F7-4668-BE54-9A1E7A4F7556}") = "Phantasma.Blockchain", "..\..\PhantasmaChain\Phantasma.Blockchain\Phantasma.Blockchain.csproj", "{7F954600-7C74-4EF4-B328-3E24086CEF47}"
EndProject
Project("{9A19103F-16F7-4668-BE54-9A1E7A4F7556}") = "Phantasma.Cryptography", "..\..\PhantasmaChain\Phantasma.Cryptography\Phantasma.Cryptography.csproj", "{58B3FF4B-3DFC-4893-98D1-61090E9747FC}"
EndProject
Project("{9A19103F-16F7-4668-BE54-9A1E7A4F7556}") = "Phantasma.Numerics", "..\..\PhantasmaChain\Phantasma.Numerics\Phantasma.Numerics.csproj", "{EB4161E2-C607-466D-AAC6-C264383D7C4A}"
EndProject
Project("{9A19103F-16F7-4668-BE54-9A1E7A4F7556}") = "Phantasma.Storage", "..\..\PhantasmaChain\Phantasma.Storage\Phantasma.Storage.csproj", "{194D325F-A2D7-4D8E-ACD2-78387C321FC4}"
EndProject
Project("{9A19103F-16F7-4668-BE54-9A1E7A4F7556}") = "Phantasma.VM", "..\..\PhantasmaChain\Phantasma.VM\Phantasma.VM.csproj", "{3E99832E-6EC8-4B87-822E-5F65474BEBF5}"
EndProject
Project("{9A19103F-16F7-4668-BE54-9A1E7A4F7556}") = "Phantasma.P2P", "..\..\PhantasmaChain\Phantasma.P2P\Phantasma.P2P.csproj", "{F1AB383F-4A8E-41F3-B8C3-A39862832657}"
EndProject
Project("{9A19103F-16F7-4668-BE54-9A1E7A4F7556}") = "Phantasma.Pay", "..\..\PhantasmaChain\Phantasma.Pay\Phantasma.Pay.csproj", "{BDDB9C2B-6333-45FA-A4F5-1F21EDA42F04}"
EndProject
Project("{9A19103F-16F7-4668-BE54-9A1E7A4F7556}") = "Phantasma.Neo", "..\..\PhantasmaChain\Phantasma.Neo\Phantasma.Neo.csproj", "{0CBACC03-7551-411C-9040-71D6BBCE80DF}"
EndProject
Project("{9A19103F-16F7-4668-BE54-9A1E7A4F7556}") = "Phantasma.Contracts", "..\..\PhantasmaChain\Phantasma.Contracts\Phantasma.Contracts.csproj", "{FC95FCB3-34DD-46FE-87A8-AAAB57FDDB67}"
EndProject
Project("{9A19103F-16F7-4668-BE54-9A1E7A4F7556}") = "Phantasma.Domain", "..\..\PhantasmaChain\Phantasma.Domain\Phantasma.Domain.csproj", "{D8A80A0F-F572-42B8-9783-21EE70639190}"
EndProject
Global
	GlobalSection(SolutionConfigurationPlatforms) = preSolution
		Debug|Any CPU = Debug|Any CPU
		Release|Any CPU = Release|Any CPU
	EndGlobalSection
	GlobalSection(ProjectConfigurationPlatforms) = postSolution
		{A143EF5E-6B31-4F76-806B-733722969D98}.Debug|Any CPU.ActiveCfg = Debug|Any CPU
		{A143EF5E-6B31-4F76-806B-733722969D98}.Debug|Any CPU.Build.0 = Debug|Any CPU
		{A143EF5E-6B31-4F76-806B-733722969D98}.Release|Any CPU.ActiveCfg = Release|Any CPU
		{A143EF5E-6B31-4F76-806B-733722969D98}.Release|Any CPU.Build.0 = Release|Any CPU
		{CC44E2FB-304B-4E86-85D1-563EC6210FC9}.Debug|Any CPU.ActiveCfg = Debug|Any CPU
		{CC44E2FB-304B-4E86-85D1-563EC6210FC9}.Debug|Any CPU.Build.0 = Debug|Any CPU
		{CC44E2FB-304B-4E86-85D1-563EC6210FC9}.Release|Any CPU.ActiveCfg = Release|Any CPU
		{CC44E2FB-304B-4E86-85D1-563EC6210FC9}.Release|Any CPU.Build.0 = Release|Any CPU
		{138FA60F-B19E-492C-A002-7BA66078937F}.Debug|Any CPU.ActiveCfg = Debug|Any CPU
		{138FA60F-B19E-492C-A002-7BA66078937F}.Debug|Any CPU.Build.0 = Debug|Any CPU
		{138FA60F-B19E-492C-A002-7BA66078937F}.Release|Any CPU.ActiveCfg = Release|Any CPU
		{138FA60F-B19E-492C-A002-7BA66078937F}.Release|Any CPU.Build.0 = Release|Any CPU
		{7F954600-7C74-4EF4-B328-3E24086CEF47}.Debug|Any CPU.ActiveCfg = Debug|Any CPU
		{7F954600-7C74-4EF4-B328-3E24086CEF47}.Debug|Any CPU.Build.0 = Debug|Any CPU
		{7F954600-7C74-4EF4-B328-3E24086CEF47}.Release|Any CPU.ActiveCfg = Release|Any CPU
		{7F954600-7C74-4EF4-B328-3E24086CEF47}.Release|Any CPU.Build.0 = Release|Any CPU
		{58B3FF4B-3DFC-4893-98D1-61090E9747FC}.Debug|Any CPU.ActiveCfg = Debug|Any CPU
		{58B3FF4B-3DFC-4893-98D1-61090E9747FC}.Debug|Any CPU.Build.0 = Debug|Any CPU
		{58B3FF4B-3DFC-4893-98D1-61090E9747FC}.Release|Any CPU.ActiveCfg = Release|Any CPU
		{58B3FF4B-3DFC-4893-98D1-61090E9747FC}.Release|Any CPU.Build.0 = Release|Any CPU
		{EB4161E2-C607-466D-AAC6-C264383D7C4A}.Debug|Any CPU.ActiveCfg = Debug|Any CPU
		{EB4161E2-C607-466D-AAC6-C264383D7C4A}.Debug|Any CPU.Build.0 = Debug|Any CPU
		{EB4161E2-C607-466D-AAC6-C264383D7C4A}.Release|Any CPU.ActiveCfg = Release|Any CPU
		{EB4161E2-C607-466D-AAC6-C264383D7C4A}.Release|Any CPU.Build.0 = Release|Any CPU
		{194D325F-A2D7-4D8E-ACD2-78387C321FC4}.Debug|Any CPU.ActiveCfg = Debug|Any CPU
		{194D325F-A2D7-4D8E-ACD2-78387C321FC4}.Debug|Any CPU.Build.0 = Debug|Any CPU
		{194D325F-A2D7-4D8E-ACD2-78387C321FC4}.Release|Any CPU.ActiveCfg = Release|Any CPU
		{194D325F-A2D7-4D8E-ACD2-78387C321FC4}.Release|Any CPU.Build.0 = Release|Any CPU
		{3E99832E-6EC8-4B87-822E-5F65474BEBF5}.Debug|Any CPU.ActiveCfg = Debug|Any CPU
		{3E99832E-6EC8-4B87-822E-5F65474BEBF5}.Debug|Any CPU.Build.0 = Debug|Any CPU
		{3E99832E-6EC8-4B87-822E-5F65474BEBF5}.Release|Any CPU.ActiveCfg = Release|Any CPU
		{3E99832E-6EC8-4B87-822E-5F65474BEBF5}.Release|Any CPU.Build.0 = Release|Any CPU
		{F1AB383F-4A8E-41F3-B8C3-A39862832657}.Debug|Any CPU.ActiveCfg = Debug|Any CPU
		{F1AB383F-4A8E-41F3-B8C3-A39862832657}.Debug|Any CPU.Build.0 = Debug|Any CPU
		{F1AB383F-4A8E-41F3-B8C3-A39862832657}.Release|Any CPU.ActiveCfg = Release|Any CPU
		{F1AB383F-4A8E-41F3-B8C3-A39862832657}.Release|Any CPU.Build.0 = Release|Any CPU
		{BDDB9C2B-6333-45FA-A4F5-1F21EDA42F04}.Debug|Any CPU.ActiveCfg = Debug|Any CPU
		{BDDB9C2B-6333-45FA-A4F5-1F21EDA42F04}.Debug|Any CPU.Build.0 = Debug|Any CPU
		{BDDB9C2B-6333-45FA-A4F5-1F21EDA42F04}.Release|Any CPU.ActiveCfg = Release|Any CPU
		{BDDB9C2B-6333-45FA-A4F5-1F21EDA42F04}.Release|Any CPU.Build.0 = Release|Any CPU
		{0CBACC03-7551-411C-9040-71D6BBCE80DF}.Debug|Any CPU.ActiveCfg = Debug|Any CPU
		{0CBACC03-7551-411C-9040-71D6BBCE80DF}.Debug|Any CPU.Build.0 = Debug|Any CPU
		{0CBACC03-7551-411C-9040-71D6BBCE80DF}.Release|Any CPU.ActiveCfg = Release|Any CPU
		{0CBACC03-7551-411C-9040-71D6BBCE80DF}.Release|Any CPU.Build.0 = Release|Any CPU
		{FC95FCB3-34DD-46FE-87A8-AAAB57FDDB67}.Debug|Any CPU.ActiveCfg = Debug|Any CPU
		{FC95FCB3-34DD-46FE-87A8-AAAB57FDDB67}.Debug|Any CPU.Build.0 = Debug|Any CPU
		{FC95FCB3-34DD-46FE-87A8-AAAB57FDDB67}.Release|Any CPU.ActiveCfg = Release|Any CPU
		{FC95FCB3-34DD-46FE-87A8-AAAB57FDDB67}.Release|Any CPU.Build.0 = Release|Any CPU
		{D8A80A0F-F572-42B8-9783-21EE70639190}.Debug|Any CPU.ActiveCfg = Debug|Any CPU
		{D8A80A0F-F572-42B8-9783-21EE70639190}.Debug|Any CPU.Build.0 = Debug|Any CPU
		{D8A80A0F-F572-42B8-9783-21EE70639190}.Release|Any CPU.ActiveCfg = Release|Any CPU
		{D8A80A0F-F572-42B8-9783-21EE70639190}.Release|Any CPU.Build.0 = Release|Any CPU
	EndGlobalSection
	GlobalSection(SolutionProperties) = preSolution
		HideSolutionNode = FALSE
	EndGlobalSection
	GlobalSection(ExtensibilityGlobals) = postSolution
		SolutionGuid = {F1E9422E-2E41-48B2-8759-7BC69C62BF8C}
	EndGlobalSection
EndGlobal
