
Microsoft Visual Studio Solution File, Format Version 12.00
# Visual Studio 15
Project("{FAE04EC0-301F-11D3-BF4B-00C04F79EFBC}") = "Assembly-CSharp", "Assembly-CSharp.csproj", "{65F4C59B-99EF-59B3-54C9-882C382161DE}"
EndProject
Global
	GlobalSection(SolutionConfigurationPlatforms) = preSolution
		Debug|Any CPU = Debug|Any CPU
		Release|Any CPU = Release|Any CPU
	EndGlobalSection
	GlobalSection(ProjectConfigurationPlatforms) = postSolution
		{65F4C59B-99EF-59B3-54C9-882C382161DE}.Debug|Any CPU.ActiveCfg = Debug|Any CPU
		{65F4C59B-99EF-59B3-54C9-882C382161DE}.Debug|Any CPU.Build.0 = Debug|Any CPU
		{65F4C59B-99EF-59B3-54C9-882C382161DE}.Release|Any CPU.ActiveCfg = Release|Any CPU
		{65F4C59B-99EF-59B3-54C9-882C382161DE}.Release|Any CPU.Build.0 = Release|Any CPU
	EndGlobalSection
	GlobalSection(SolutionProperties) = preSolution
		HideSolutionNode = FALSE
	EndGlobalSection
EndGlobal
