
Microsoft Visual Studio Solution File, Format Version 12.00
# Visual Studio 15
VisualStudioVersion = 15.0.28307.168
MinimumVisualStudioVersion = 10.0.40219.1
Project("{9A19103F-16F7-4668-BE54-9A1E7A4F7556}") = "WalletSample", "WalletSample\WalletSample.csproj", "{75C33174-187C-42B3-A70E-3F118CFD4DFE}"
EndProject
Project("{9A19103F-16F7-4668-BE54-9A1E7A4F7556}") = "Phantasma.RpcClient", "..\..\..\..\PhantasmaRpcClient\Phantasma.RpcClient\Phantasma.RpcClient.csproj", "{675452DC-76B5-42D4-BE7A-D45B1C63B858}"
EndProject
Project("{9A19103F-16F7-4668-BE54-9A1E7A4F7556}") = "Phantasma.Blockchain", "..\..\..\..\PhantasmaChain\Phantasma.Blockchain\Phantasma.Blockchain.csproj", "{FABD7B1E-A1E6-4E21-B703-68D7389490F2}"
EndProject
Project("{9A19103F-16F7-4668-BE54-9A1E7A4F7556}") = "Phantasma.Core", "..\..\..\..\PhantasmaChain\Phantasma.Core\Phantasma.Core.csproj", "{6693FCE6-D057-48F2-B1B7-5F14F40BA1AB}"
EndProject
Project("{9A19103F-16F7-4668-BE54-9A1E7A4F7556}") = "Phantasma.Cryptography", "..\..\..\..\PhantasmaChain\Phantasma.Cryptography\Phantasma.Cryptography.csproj", "{3A0C84DA-D306-4A13-8A94-8E8AD931EDEA}"
EndProject
Project("{9A19103F-16F7-4668-BE54-9A1E7A4F7556}") = "Phantasma.IO", "..\..\..\..\PhantasmaChain\Phantasma.IO\Phantasma.IO.csproj", "{12F0BDD4-80F2-46DA-A12A-2D5728322DC0}"
EndProject
Project("{9A19103F-16F7-4668-BE54-9A1E7A4F7556}") = "Phantasma.Numerics", "..\..\..\..\PhantasmaChain\Phantasma.Numerics\Phantasma.Numerics.csproj", "{1C81FED0-2E66-4150-973B-9F9E08B4B4F7}"
EndProject
Project("{9A19103F-16F7-4668-BE54-9A1E7A4F7556}") = "Phantasma.VM", "..\..\..\..\PhantasmaChain\Phantasma.VM\Phantasma.VM.csproj", "{20979E6A-EDBC-49C5-AF9F-4A5B9D75A5C9}"
EndProject
Global
	GlobalSection(SolutionConfigurationPlatforms) = preSolution
		Debug|Any CPU = Debug|Any CPU
		Release|Any CPU = Release|Any CPU
	EndGlobalSection
	GlobalSection(ProjectConfigurationPlatforms) = postSolution
		{75C33174-187C-42B3-A70E-3F118CFD4DFE}.Debug|Any CPU.ActiveCfg = Debug|Any CPU
		{75C33174-187C-42B3-A70E-3F118CFD4DFE}.Debug|Any CPU.Build.0 = Debug|Any CPU
		{75C33174-187C-42B3-A70E-3F118CFD4DFE}.Release|Any CPU.ActiveCfg = Release|Any CPU
		{75C33174-187C-42B3-A70E-3F118CFD4DFE}.Release|Any CPU.Build.0 = Release|Any CPU
		{675452DC-76B5-42D4-BE7A-D45B1C63B858}.Debug|Any CPU.ActiveCfg = Debug|Any CPU
		{675452DC-76B5-42D4-BE7A-D45B1C63B858}.Debug|Any CPU.Build.0 = Debug|Any CPU
		{675452DC-76B5-42D4-BE7A-D45B1C63B858}.Release|Any CPU.ActiveCfg = Release|Any CPU
		{675452DC-76B5-42D4-BE7A-D45B1C63B858}.Release|Any CPU.Build.0 = Release|Any CPU
		{FABD7B1E-A1E6-4E21-B703-68D7389490F2}.Debug|Any CPU.ActiveCfg = Debug|Any CPU
		{FABD7B1E-A1E6-4E21-B703-68D7389490F2}.Debug|Any CPU.Build.0 = Debug|Any CPU
		{FABD7B1E-A1E6-4E21-B703-68D7389490F2}.Release|Any CPU.ActiveCfg = Release|Any CPU
		{FABD7B1E-A1E6-4E21-B703-68D7389490F2}.Release|Any CPU.Build.0 = Release|Any CPU
		{6693FCE6-D057-48F2-B1B7-5F14F40BA1AB}.Debug|Any CPU.ActiveCfg = Debug|Any CPU
		{6693FCE6-D057-48F2-B1B7-5F14F40BA1AB}.Debug|Any CPU.Build.0 = Debug|Any CPU
		{6693FCE6-D057-48F2-B1B7-5F14F40BA1AB}.Release|Any CPU.ActiveCfg = Release|Any CPU
		{6693FCE6-D057-48F2-B1B7-5F14F40BA1AB}.Release|Any CPU.Build.0 = Release|Any CPU
		{3A0C84DA-D306-4A13-8A94-8E8AD931EDEA}.Debug|Any CPU.ActiveCfg = Debug|Any CPU
		{3A0C84DA-D306-4A13-8A94-8E8AD931EDEA}.Debug|Any CPU.Build.0 = Debug|Any CPU
		{3A0C84DA-D306-4A13-8A94-8E8AD931EDEA}.Release|Any CPU.ActiveCfg = Release|Any CPU
		{3A0C84DA-D306-4A13-8A94-8E8AD931EDEA}.Release|Any CPU.Build.0 = Release|Any CPU
		{12F0BDD4-80F2-46DA-A12A-2D5728322DC0}.Debug|Any CPU.ActiveCfg = Debug|Any CPU
		{12F0BDD4-80F2-46DA-A12A-2D5728322DC0}.Debug|Any CPU.Build.0 = Debug|Any CPU
		{12F0BDD4-80F2-46DA-A12A-2D5728322DC0}.Release|Any CPU.ActiveCfg = Release|Any CPU
		{12F0BDD4-80F2-46DA-A12A-2D5728322DC0}.Release|Any CPU.Build.0 = Release|Any CPU
		{1C81FED0-2E66-4150-973B-9F9E08B4B4F7}.Debug|Any CPU.ActiveCfg = Debug|Any CPU
		{1C81FED0-2E66-4150-973B-9F9E08B4B4F7}.Debug|Any CPU.Build.0 = Debug|Any CPU
		{1C81FED0-2E66-4150-973B-9F9E08B4B4F7}.Release|Any CPU.ActiveCfg = Release|Any CPU
		{1C81FED0-2E66-4150-973B-9F9E08B4B4F7}.Release|Any CPU.Build.0 = Release|Any CPU
		{20979E6A-EDBC-49C5-AF9F-4A5B9D75A5C9}.Debug|Any CPU.ActiveCfg = Debug|Any CPU
		{20979E6A-EDBC-49C5-AF9F-4A5B9D75A5C9}.Debug|Any CPU.Build.0 = Debug|Any CPU
		{20979E6A-EDBC-49C5-AF9F-4A5B9D75A5C9}.Release|Any CPU.ActiveCfg = Release|Any CPU
		{20979E6A-EDBC-49C5-AF9F-4A5B9D75A5C9}.Release|Any CPU.Build.0 = Release|Any CPU
	EndGlobalSection
	GlobalSection(SolutionProperties) = preSolution
		HideSolutionNode = FALSE
	EndGlobalSection
	GlobalSection(ExtensibilityGlobals) = postSolution
		SolutionGuid = {EB9BD690-4A05-4987-A612-CA7813551931}
	EndGlobalSection
EndGlobal
